
Microsoft Visual Studio Solution File, Format Version 12.00
# Visual Studio 2012
Project("{FAE04EC0-301F-11D3-BF4B-00C04F79EFBC}") = "ASP.NET-MVC-Examples", "ASP.NET-MVC-Examples\ASP.NET-MVC-Examples.csproj", "{9EBE8E24-5337-4BF5-AEDE-56F3D6CF015A}"
EndProject
Global
	GlobalSection(SolutionConfigurationPlatforms) = preSolution
		Debug|Any CPU = Debug|Any CPU
		Release|Any CPU = Release|Any CPU
	EndGlobalSection
	GlobalSection(ProjectConfigurationPlatforms) = postSolution
		{9EBE8E24-5337-4BF5-AEDE-56F3D6CF015A}.Debug|Any CPU.ActiveCfg = Debug|Any CPU
		{9EBE8E24-5337-4BF5-AEDE-56F3D6CF015A}.Debug|Any CPU.Build.0 = Debug|Any CPU
		{9EBE8E24-5337-4BF5-AEDE-56F3D6CF015A}.Release|Any CPU.ActiveCfg = Release|Any CPU
		{9EBE8E24-5337-4BF5-AEDE-56F3D6CF015A}.Release|Any CPU.Build.0 = Release|Any CPU
	EndGlobalSection
	GlobalSection(SolutionProperties) = preSolution
		HideSolutionNode = FALSE
	EndGlobalSection
EndGlobal
